
Microsoft Visual Studio Solution File, Format Version 12.00
# Visual Studio Version 17
VisualStudioVersion = 17.1.31911.260
MinimumVisualStudioVersion = 10.0.40219.1
Project("{9A19103F-16F7-4668-BE54-9A1E7A4F7556}") = "NHASoftware", "NHASoftware\NHASoftware.csproj", "{164F3137-1610-49F6-A5B3-A0F0BFC4D3FC}"
EndProject
Project("{9A19103F-16F7-4668-BE54-9A1E7A4F7556}") = "NHAHelpers", "NHAHelpers\NHAHelpers.csproj", "{46915FF9-540A-4ACF-8711-B56F6E7CC767}"
EndProject
Project("{FAE04EC0-301F-11D3-BF4B-00C04F79EFBC}") = "NHA.Testing", "NHA.Testing\NHA.Testing.csproj", "{6B2B27AC-D85B-48A4-984E-F02A71EC60A3}"
EndProject
Global
	GlobalSection(SolutionConfigurationPlatforms) = preSolution
		Debug|Any CPU = Debug|Any CPU
		Release|Any CPU = Release|Any CPU
	EndGlobalSection
	GlobalSection(ProjectConfigurationPlatforms) = postSolution
		{164F3137-1610-49F6-A5B3-A0F0BFC4D3FC}.Debug|Any CPU.ActiveCfg = Debug|Any CPU
		{164F3137-1610-49F6-A5B3-A0F0BFC4D3FC}.Debug|Any CPU.Build.0 = Debug|Any CPU
		{164F3137-1610-49F6-A5B3-A0F0BFC4D3FC}.Release|Any CPU.ActiveCfg = Release|Any CPU
		{164F3137-1610-49F6-A5B3-A0F0BFC4D3FC}.Release|Any CPU.Build.0 = Release|Any CPU
		{46915FF9-540A-4ACF-8711-B56F6E7CC767}.Debug|Any CPU.ActiveCfg = Debug|Any CPU
		{46915FF9-540A-4ACF-8711-B56F6E7CC767}.Debug|Any CPU.Build.0 = Debug|Any CPU
		{46915FF9-540A-4ACF-8711-B56F6E7CC767}.Release|Any CPU.ActiveCfg = Release|Any CPU
		{46915FF9-540A-4ACF-8711-B56F6E7CC767}.Release|Any CPU.Build.0 = Release|Any CPU
		{6B2B27AC-D85B-48A4-984E-F02A71EC60A3}.Debug|Any CPU.ActiveCfg = Debug|Any CPU
		{6B2B27AC-D85B-48A4-984E-F02A71EC60A3}.Debug|Any CPU.Build.0 = Debug|Any CPU
		{6B2B27AC-D85B-48A4-984E-F02A71EC60A3}.Release|Any CPU.ActiveCfg = Release|Any CPU
		{6B2B27AC-D85B-48A4-984E-F02A71EC60A3}.Release|Any CPU.Build.0 = Release|Any CPU
	EndGlobalSection
	GlobalSection(SolutionProperties) = preSolution
		HideSolutionNode = FALSE
	EndGlobalSection
	GlobalSection(ExtensibilityGlobals) = postSolution
		SolutionGuid = {293F0A24-2D3B-46EB-AE4E-9D2B531F56B5}
	EndGlobalSection
EndGlobal
